
Microsoft Visual Studio Solution File, Format Version 12.00
# Visual Studio Version 16
VisualStudioVersion = 16.0.29418.71
MinimumVisualStudioVersion = 10.0.40219.1
Project("{9A19103F-16F7-4668-BE54-9A1E7A4F7556}") = "BlazorTODO", "BlazorTODO.csproj", "{FD543698-6C7C-44E2-B97D-495E68B8BA06}"
EndProject
Global
	GlobalSection(SolutionConfigurationPlatforms) = preSolution
		Debug|Any CPU = Debug|Any CPU
		Release|Any CPU = Release|Any CPU
	EndGlobalSection
	GlobalSection(ProjectConfigurationPlatforms) = postSolution
		{FD543698-6C7C-44E2-B97D-495E68B8BA06}.Debug|Any CPU.ActiveCfg = Debug|Any CPU
		{FD543698-6C7C-44E2-B97D-495E68B8BA06}.Debug|Any CPU.Build.0 = Debug|Any CPU
		{FD543698-6C7C-44E2-B97D-495E68B8BA06}.Release|Any CPU.ActiveCfg = Release|Any CPU
		{FD543698-6C7C-44E2-B97D-495E68B8BA06}.Release|Any CPU.Build.0 = Release|Any CPU
	EndGlobalSection
	GlobalSection(SolutionProperties) = preSolution
		HideSolutionNode = FALSE
	EndGlobalSection
	GlobalSection(ExtensibilityGlobals) = postSolution
		SolutionGuid = {6E23588F-52E2-4F60-80A9-D7D9C6B65676}
	EndGlobalSection
EndGlobal
